
Microsoft Visual Studio Solution File, Format Version 12.00
# Visual Studio Version 16
VisualStudioVersion = 16.0.30804.86
MinimumVisualStudioVersion = 10.0.40219.1
Project("{FAE04EC0-301F-11D3-BF4B-00C04F79EFBC}") = "WebDemoImportFile", "WebDemoImportFile\WebDemoImportFile.csproj", "{164CEFDE-64E2-4B88-8F15-BF00A6450CAD}"
EndProject
Global
	GlobalSection(SolutionConfigurationPlatforms) = preSolution
		Debug|Any CPU = Debug|Any CPU
		Release|Any CPU = Release|Any CPU
	EndGlobalSection
	GlobalSection(ProjectConfigurationPlatforms) = postSolution
		{164CEFDE-64E2-4B88-8F15-BF00A6450CAD}.Debug|Any CPU.ActiveCfg = Debug|Any CPU
		{164CEFDE-64E2-4B88-8F15-BF00A6450CAD}.Debug|Any CPU.Build.0 = Debug|Any CPU
		{164CEFDE-64E2-4B88-8F15-BF00A6450CAD}.Release|Any CPU.ActiveCfg = Release|Any CPU
		{164CEFDE-64E2-4B88-8F15-BF00A6450CAD}.Release|Any CPU.Build.0 = Release|Any CPU
	EndGlobalSection
	GlobalSection(SolutionProperties) = preSolution
		HideSolutionNode = FALSE
	EndGlobalSection
	GlobalSection(ExtensibilityGlobals) = postSolution
		SolutionGuid = {A9487CC8-4A92-47C4-8067-118389255B1B}
	EndGlobalSection
EndGlobal
